{
  "lockfileVersion": 1,
  "project": "github.com/mygeldtanjel/drymem",
  "generatedAt": "2026-09-12T05:40:12.351Z",
  "skills": [
    {
      "name": "graphiti",
      "version": 2,
      "sha256": "9f7ba5b186fc693cff8cd51da885b86a3d683b70d1260c6b53501ce1facb7114",
      "source": "distilled"
    }
  ]
}
