{
  "lockfileVersion": 1,
  "project": "github.com/mygeldtanjel/drymem",
  "generatedAt": "2026-09-12T05:06:27.862Z",
  "skills": [
    {
      "name": "graphiti",
      "version": 1,
      "sha256": "af9bae9d4256e5db37d18c25e544dfdc95ede157de6bc33f263ebf18c131f298",
      "source": "distilled"
    }
  ]
}
